
Microsoft Visual Studio Solution File, Format Version 12.00
# Visual Studio Version 17
VisualStudioVersion = 17.6.33723.286
MinimumVisualStudioVersion = 10.0.40219.1
Project("{FAE04EC0-301F-11D3-BF4B-00C04F79EFBC}") = "TextFileLogger", "TextFileLogger\TextFileLogger.csproj", "{A8975296-F726-4D04-B5A1-326C6EDC4D03}"
EndProject
Project("{FAE04EC0-301F-11D3-BF4B-00C04F79EFBC}") = "TextFileLoggerDemo", "TextFileLoggerDemo\TextFileLoggerDemo.csproj", "{AF1A3109-1E4A-4FE9-9A21-5F8D0028F025}"
EndProject
Global
	GlobalSection(SolutionConfigurationPlatforms) = preSolution
		Debug|Any CPU = Debug|Any CPU
		Release|Any CPU = Release|Any CPU
	EndGlobalSection
	GlobalSection(ProjectConfigurationPlatforms) = postSolution
		{A8975296-F726-4D04-B5A1-326C6EDC4D03}.Debug|Any CPU.ActiveCfg = Debug|Any CPU
		{A8975296-F726-4D04-B5A1-326C6EDC4D03}.Debug|Any CPU.Build.0 = Debug|Any CPU
		{A8975296-F726-4D04-B5A1-326C6EDC4D03}.Release|Any CPU.ActiveCfg = Release|Any CPU
		{A8975296-F726-4D04-B5A1-326C6EDC4D03}.Release|Any CPU.Build.0 = Release|Any CPU
		{AF1A3109-1E4A-4FE9-9A21-5F8D0028F025}.Debug|Any CPU.ActiveCfg = Debug|Any CPU
		{AF1A3109-1E4A-4FE9-9A21-5F8D0028F025}.Debug|Any CPU.Build.0 = Debug|Any CPU
		{AF1A3109-1E4A-4FE9-9A21-5F8D0028F025}.Release|Any CPU.ActiveCfg = Release|Any CPU
		{AF1A3109-1E4A-4FE9-9A21-5F8D0028F025}.Release|Any CPU.Build.0 = Release|Any CPU
	EndGlobalSection
	GlobalSection(SolutionProperties) = preSolution
		HideSolutionNode = FALSE
	EndGlobalSection
	GlobalSection(ExtensibilityGlobals) = postSolution
		SolutionGuid = {AD06CDF9-15CC-4DDB-BCB9-1FD322649E14}
	EndGlobalSection
EndGlobal
